
Microsoft Visual Studio Solution File, Format Version 12.00
# Visual Studio Version 16
VisualStudioVersion = 16.0.30309.148
MinimumVisualStudioVersion = 10.0.40219.1
Project("{FAE04EC0-301F-11D3-BF4B-00C04F79EFBC}") = "DIS_Final_TBCraft", "DIS_Final_TBCraft\DIS_Final_TBCraft.csproj", "{4A47FA46-E2F7-42A8-9610-262D79753FD0}"
EndProject
Global
	GlobalSection(SolutionConfigurationPlatforms) = preSolution
		Debug|Any CPU = Debug|Any CPU
		Release|Any CPU = Release|Any CPU
	EndGlobalSection
	GlobalSection(ProjectConfigurationPlatforms) = postSolution
		{4A47FA46-E2F7-42A8-9610-262D79753FD0}.Debug|Any CPU.ActiveCfg = Debug|Any CPU
		{4A47FA46-E2F7-42A8-9610-262D79753FD0}.Debug|Any CPU.Build.0 = Debug|Any CPU
		{4A47FA46-E2F7-42A8-9610-262D79753FD0}.Release|Any CPU.ActiveCfg = Release|Any CPU
		{4A47FA46-E2F7-42A8-9610-262D79753FD0}.Release|Any CPU.Build.0 = Release|Any CPU
	EndGlobalSection
	GlobalSection(SolutionProperties) = preSolution
		HideSolutionNode = FALSE
	EndGlobalSection
	GlobalSection(ExtensibilityGlobals) = postSolution
		SolutionGuid = {F5CF827E-1964-41C4-AA82-13D42D3F8FDE}
	EndGlobalSection
EndGlobal
